
Microsoft Visual Studio Solution File, Format Version 12.00
# Visual Studio 2013
VisualStudioVersion = 12.0.31101.0
MinimumVisualStudioVersion = 10.0.40219.1
Project("{FAE04EC0-301F-11D3-BF4B-00C04F79EFBC}") = "AngularJSStartupSkeleton.WebAPI", "AngularJSStartupSkeleton.WebAPI\AngularJSStartupSkeleton.WebAPI.csproj", "{8ABD078A-C3D6-42AB-8BD7-89F87E397DD9}"
EndProject
Project("{FAE04EC0-301F-11D3-BF4B-00C04F79EFBC}") = "AngularJSStartupSkeleton.Web", "..\AngularJSStartupSkeleton.Web\AngularJSStartupSkeleton.Web.csproj", "{6AC4807C-51C3-4C7F-82F0-F9D6A19445DD}"
EndProject
Global
	GlobalSection(SolutionConfigurationPlatforms) = preSolution
		Debug|Any CPU = Debug|Any CPU
		Release|Any CPU = Release|Any CPU
	EndGlobalSection
	GlobalSection(ProjectConfigurationPlatforms) = postSolution
		{8ABD078A-C3D6-42AB-8BD7-89F87E397DD9}.Debug|Any CPU.ActiveCfg = Debug|Any CPU
		{8ABD078A-C3D6-42AB-8BD7-89F87E397DD9}.Debug|Any CPU.Build.0 = Debug|Any CPU
		{8ABD078A-C3D6-42AB-8BD7-89F87E397DD9}.Release|Any CPU.ActiveCfg = Release|Any CPU
		{8ABD078A-C3D6-42AB-8BD7-89F87E397DD9}.Release|Any CPU.Build.0 = Release|Any CPU
		{6AC4807C-51C3-4C7F-82F0-F9D6A19445DD}.Debug|Any CPU.ActiveCfg = Debug|Any CPU
		{6AC4807C-51C3-4C7F-82F0-F9D6A19445DD}.Debug|Any CPU.Build.0 = Debug|Any CPU
		{6AC4807C-51C3-4C7F-82F0-F9D6A19445DD}.Release|Any CPU.ActiveCfg = Release|Any CPU
		{6AC4807C-51C3-4C7F-82F0-F9D6A19445DD}.Release|Any CPU.Build.0 = Release|Any CPU
	EndGlobalSection
	GlobalSection(SolutionProperties) = preSolution
		HideSolutionNode = FALSE
	EndGlobalSection
EndGlobal
